// !$*UTF8*$!
{
	archiveVersion = 1;
	classes = {
	};
	objectVersion = 50;
	objects = {

/* Begin PBXBuildFile section */
		2721B253263AA7FD007E751E /* AppDelegate.swift in Sources */ = {isa = PBXBuildFile; fileRef = 2721B252263AA7FD007E751E /* AppDelegate.swift */; };
		2721B255263AA7FD007E751E /* SceneDelegate.swift in Sources */ = {isa = PBXBuildFile; fileRef = 2721B254263AA7FD007E751E /* SceneDelegate.swift */; };
		2721B257263AA7FD007E751E /* ViewController.swift in Sources */ = {isa = PBXBuildFile; fileRef = 2721B256263AA7FD007E751E /* ViewController.swift */; };
		2721B25A263AA7FD007E751E /* Main.storyboard in Resources */ = {isa = PBXBuildFile; fileRef = 2721B258263AA7FD007E751E /* Main.storyboard */; };
		2721B25C263AA802007E751E /* Assets.xcassets in Resources */ = {isa = PBXBuildFile; fileRef = 2721B25B263AA802007E751E /* Assets.xcassets */; };
		2721B25F263AA802007E751E /* LaunchScreen.storyboard in Resources */ = {isa = PBXBuildFile; fileRef = 2721B25D263AA802007E751E /* LaunchScreen.storyboard */; };
		2721B268263AAB10007E751E /* SavingDataPropertyList.plist in Resources */ = {isa = PBXBuildFile; fileRef = 2721B267263AAB10007E751E /* SavingDataPropertyList.plist */; };
/* End PBXBuildFile section */

/* Begin PBXFileReference section */
		2721B24F263AA7FD007E751E /* SavingDataPractice.app */ = {isa = PBXFileReference; explicitFileType = wrapper.application; includeInIndex = 0; path = SavingDataPractice.app; sourceTree = BUILT_PRODUCTS_DIR; };
		2721B252263AA7FD007E751E /* AppDelegate.swift */ = {isa = PBXFileReference; lastKnownFileType = sourcecode.swift; path = AppDelegate.swift; sourceTree = "<group>"; };
		2721B254263AA7FD007E751E /* SceneDelegate.swift */ = {isa = PBXFileReference; lastKnownFileType = sourcecode.swift; path = SceneDelegate.swift; sourceTree = "<group>"; };
		2721B256263AA7FD007E751E /* ViewController.swift */ = {isa = PBXFileReference; lastKnownFileType = sourcecode.swift; path = ViewController.swift; sourceTree = "<group>"; };
		2721B259263AA7FD007E751E /* Base */ = {isa = PBXFileReference; lastKnownFileType = file.storyboard; name = Base; path = Base.lproj/Main.storyboard; sourceTree = "<group>"; };
		2721B25B263AA802007E751E /* Assets.xcassets */ = {isa = PBXFileReference; lastKnownFileType = folder.assetcatalog; path = Assets.xcassets; sourceTree = "<group>"; };
		2721B25E263AA802007E751E /* Base */ = {isa = PBXFileReference; lastKnownFileType = file.storyboard; name = Base; path = Base.lproj/LaunchScreen.storyboard; sourceTree = "<group>"; };
		2721B260263AA802007E751E /* Info.plist */ = {isa = PBXFileReference; lastKnownFileType = text.plist.xml; path = Info.plist; sourceTree = "<group>"; };
		2721B267263AAB10007E751E /* SavingDataPropertyList.plist */ = {isa = PBXFileReference; lastKnownFileType = text.plist.xml; path = SavingDataPropertyList.plist; sourceTree = "<group>"; };
/* End PBXFileReference section */

/* Begin PBXFrameworksBuildPhase section */
		2721B24C263AA7FD007E751E /* Frameworks */ = {
			isa = PBXFrameworksBuildPhase;
			buildActionMask = 2147483647;
			files = (
			);
			runOnlyForDeploymentPostprocessing = 0;
		};
/* End PBXFrameworksBuildPhase section */

/* Begin PBXGroup section */
		2721B246263AA7FD007E751E = {
			isa = PBXGroup;
			children = (
				2721B251263AA7FD007E751E /* SavingDataPractice */,
				2721B250263AA7FD007E751E /* Products */,
			);
			sourceTree = "<group>";
		};
		2721B250263AA7FD007E751E /* Products */ = {
			isa = PBXGroup;
			children = (
				2721B24F263AA7FD007E751E /* SavingDataPractice.app */,
			);
			name = Products;
			sourceTree = "<group>";
		};
		2721B251263AA7FD007E751E /* SavingDataPractice */ = {
			isa = PBXGroup;
			children = (
				2721B252263AA7FD007E751E /* AppDelegate.swift */,
				2721B254263AA7FD007E751E /* SceneDelegate.swift */,
				2721B256263AA7FD007E751E /* ViewController.swift */,
				2721B267263AAB10007E751E /* SavingDataPropertyList.plist */,
				2721B258263AA7FD007E751E /* Main.storyboard */,
				2721B25B263AA802007E751E /* Assets.xcassets */,
				2721B25D263AA802007E751E /* LaunchScreen.storyboard */,
				2721B260263AA802007E751E /* Info.plist */,
			);
			path = SavingDataPractice;
			sourceTree = "<group>";
		};
/* End PBXGroup section */

/* Begin PBXNativeTarget section */
		2721B24E263AA7FD007E751E /* SavingDataPractice */ = {
			isa = PBXNativeTarget;
			buildConfigurationList = 2721B263263AA802007E751E /* Build configuration list for PBXNativeTarget "SavingDataPractice" */;
			buildPhases = (
				2721B24B263AA7FD007E751E /* Sources */,
				2721B24C263AA7FD007E751E /* Frameworks */,
				2721B24D263AA7FD007E751E /* Resources */,
			);
			buildRules = (
			);
			dependencies = (
			);
			name = SavingDataPractice;
			productName = SavingDataPractice;
			productReference = 2721B24F263AA7FD007E751E /* SavingDataPractice.app */;
			productType = "com.apple.product-type.application";
		};
/* End PBXNativeTarget section */

/* Begin PBXProject section */
		2721B247263AA7FD007E751E /* Project object */ = {
			isa = PBXProject;
			attributes = {
				LastSwiftUpdateCheck = 1240;
				LastUpgradeCheck = 1240;
				TargetAttributes = {
					2721B24E263AA7FD007E751E = {
						CreatedOnToolsVersion = 12.4;
					};
				};
			};
			buildConfigurationList = 2721B24A263AA7FD007E751E /* Build configuration list for PBXProject "SavingDataPractice" */;
			compatibilityVersion = "Xcode 9.3";
			developmentRegion = en;
			hasScannedForEncodings = 0;
			knownRegions = (
				en,
				Base,
			);
			mainGroup = 2721B246263AA7FD007E751E;
			productRefGroup = 2721B250263AA7FD007E751E /* Products */;
			projectDirPath = "";
			projectRoot = "";
			targets = (
				2721B24E263AA7FD007E751E /* SavingDataPractice */,
			);
		};
/* End PBXProject section */

/* Begin PBXResourcesBuildPhase section */
		2721B24D263AA7FD007E751E /* Resources */ = {
			isa = PBXResourcesBuildPhase;
			buildActionMask = 2147483647;
			files = (
				2721B25F263AA802007E751E /* LaunchScreen.storyboard in Resources */,
				2721B268263AAB10007E751E /* SavingDataPropertyList.plist in Resources */,
				2721B25C263AA802007E751E /* Assets.xcassets in Resources */,
				2721B25A263AA7FD007E751E /* Main.storyboard in Resources */,
			);
			runOnlyForDeploymentPostprocessing = 0;
		};
/* End PBXResourcesBuildPhase section */

/* Begin PBXSourcesBuildPhase section */
		2721B24B263AA7FD007E751E /* Sources */ = {
			isa = PBXSourcesBuildPhase;
			buildActionMask = 2147483647;
			files = (
				2721B257263AA7FD007E751E /* ViewController.swift in Sources */,
				2721B253263AA7FD007E751E /* AppDelegate.swift in Sources */,
				2721B255263AA7FD007E751E /* SceneDelegate.swift in Sources */,
			);
			runOnlyForDeploymentPostprocessing = 0;
		};
/* End PBXSourcesBuildPhase section */

/* Begin PBXVariantGroup section */
		2721B258263AA7FD007E751E /* Main.storyboard */ = {
			isa = PBXVariantGroup;
			children = (
				2721B259263AA7FD007E751E /* Base */,
			);
			name = Main.storyboard;
			sourceTree = "<group>";
		};
		2721B25D263AA802007E751E /* LaunchScreen.storyboard */ = {
			isa = PBXVariantGroup;
			children = (
				2721B25E263AA802007E751E /* Base */,
			);
			name = LaunchScreen.storyboard;
			sourceTree = "<group>";
		};
/* End PBXVariantGroup section */

/* Begin XCBuildConfiguration section */
		2721B261263AA802007E751E /* Debug */ = {
			isa = XCBuildConfiguration;
			buildSettings = {
				ALWAYS_SEARCH_USER_PATHS = NO;
				CLANG_ANALYZER_NONNULL = YES;
				CLANG_ANALYZER_NUMBER_OBJECT_CONVERSION = YES_AGGRESSIVE;
				CLANG_CXX_LANGUAGE_STANDARD = "gnu++14";
				CLANG_CXX_LIBRARY = "libc++";
				CLANG_ENABLE_MODULES = YES;
				CLANG_ENABLE_OBJC_ARC = YES;
				CLANG_ENABLE_OBJC_WEAK = YES;
				CLANG_WARN_BLOCK_CAPTURE_AUTORELEASING = YES;
				CLANG_WARN_BOOL_CONVERSION = YES;
				CLANG_WARN_COMMA = YES;
				CLANG_WARN_CONSTANT_CONVERSION = YES;
				CLANG_WARN_DEPRECATED_OBJC_IMPLEMENTATIONS = YES;
				CLANG_WARN_DIRECT_OBJC_ISA_USAGE = YES_ERROR;
				CLANG_WARN_DOCUMENTATION_COMMENTS = YES;
				CLANG_WARN_EMPTY_BODY = YES;
				CLANG_WARN_ENUM_CONVERSION = YES;
				CLANG_WARN_INFINITE_RECURSION = YES;
				CLANG_WARN_INT_CONVERSION = YES;
				CLANG_WARN_NON_LITERAL_NULL_CONVERSION = YES;
				CLANG_WARN_OBJC_IMPLICIT_RETAIN_SELF = YES;
				CLANG_WARN_OBJC_LITERAL_CONVERSION = YES;
				CLANG_WARN_OBJC_ROOT_CLASS = YES_ERROR;
				CLANG_WARN_QUOTED_INCLUDE_IN_FRAMEWORK_HEADER = YES;
				CLANG_WARN_RANGE_LOOP_ANALYSIS = YES;
				CLANG_WARN_STRICT_PROTOTYPES = YES;
				CLANG_WARN_SUSPICIOUS_MOVE = YES;
				CLANG_WARN_UNGUARDED_AVAILABILITY = YES_AGGRESSIVE;
				CLANG_WARN_UNREACHABLE_CODE = YES;
				CLANG_WARN__DUPLICATE_METHOD_MATCH = YES;
				COPY_PHASE_STRIP = NO;
				DEBUG_INFORMATION_FORMAT = dwarf;
				ENABLE_STRICT_OBJC_MSGSEND = YES;
				ENABLE_TESTABILITY = YES;
				GCC_C_LANGUAGE_STANDARD = gnu11;
				GCC_DYNAMIC_NO_PIC = NO;
				GCC_NO_COMMON_BLOCKS = YES;
				GCC_OPTIMIZATION_LEVEL = 0;
				GCC_PREPROCESSOR_DEFINITIONS = (
					"DEBUG=1",
					"$(inherited)",
				);
				GCC_WARN_64_TO_32_BIT_CONVERSION = YES;
				GCC_WARN_ABOUT_RETURN_TYPE = YES_ERROR;
				GCC_WARN_UNDECLARED_SELECTOR = YES;
				GCC_WARN_UNINITIALIZED_AUTOS = YES_AGGRESSIVE;
				GCC_WARN_UNUSED_FUNCTION = YES;
				GCC_WARN_UNUSED_VARIABLE = YES;
				IPHONEOS_DEPLOYMENT_TARGET = 14.4;
				MTL_ENABLE_DEBUG_INFO = INCLUDE_SOURCE;
				MTL_FAST_MATH = YES;
				ONLY_ACTIVE_ARCH = YES;
				SDKROOT = iphoneos;
				SWIFT_ACTIVE_COMPILATION_CONDITIONS = DEBUG;
				SWIFT_OPTIMIZATION_LEVEL = "-Onone";
			};
			name = Debug;
		};
		2721B262263AA802007E751E /* Release */ = {
			isa = XCBuildConfiguration;
			buildSettings = {
				ALWAYS_SEARCH_USER_PATHS = NO;
				CLANG_ANALYZER_NONNULL = YES;
				CLANG_ANALYZER_NUMBER_OBJECT_CONVERSION = YES_AGGRESSIVE;
				CLANG_CXX_LANGUAGE_STANDARD = "gnu++14";
				CLANG_CXX_LIBRARY = "libc++";
				CLANG_ENABLE_MODULES = YES;
				CLANG_ENABLE_OBJC_ARC = YES;
				CLANG_ENABLE_OBJC_WEAK = YES;
				CLANG_WARN_BLOCK_CAPTURE_AUTORELEASING = YES;
				CLANG_WARN_BOOL_CONVERSION = YES;
				CLANG_WARN_COMMA = YES;
				CLANG_WARN_CONSTANT_CONVERSION = YES;
				CLANG_WARN_DEPRECATED_OBJC_IMPLEMENTATIONS = YES;
				CLANG_WARN_DIRECT_OBJC_ISA_USAGE = YES_ERROR;
				CLANG_WARN_DOCUMENTATION_COMMENTS = YES;
				CLANG_WARN_EMPTY_BODY = YES;
				CLANG_WARN_ENUM_CONVERSION = YES;
				CLANG_WARN_INFINITE_RECURSION = YES;
				CLANG_WARN_INT_CONVERSION = YES;
				CLANG_WARN_NON_LITERAL_NULL_CONVERSION = YES;
				CLANG_WARN_OBJC_IMPLICIT_RETAIN_SELF = YES;
				CLANG_WARN_OBJC_LITERAL_CONVERSION = YES;
				CLANG_WARN_OBJC_ROOT_CLASS = YES_ERROR;
				CLANG_WARN_QUOTED_INCLUDE_IN_FRAMEWORK_HEADER = YES;
				CLANG_WARN_RANGE_LOOP_ANALYSIS = YES;
				CLANG_WARN_STRICT_PROTOTYPES = YES;
				CLANG_WARN_SUSPICIOUS_MOVE = YES;
				CLANG_WARN_UNGUARDED_AVAILABILITY = YES_AGGRESSIVE;
				CLANG_WARN_UNREACHABLE_CODE = YES;
				CLANG_WARN__DUPLICATE_METHOD_MATCH = YES;
				COPY_PHASE_STRIP = NO;
				DEBUG_INFORMATION_FORMAT = "dwarf-with-dsym";
				ENABLE_NS_ASSERTIONS = NO;
				ENABLE_STRICT_OBJC_MSGSEND = YES;
				GCC_C_LANGUAGE_STANDARD = gnu11;
				GCC_NO_COMMON_BLOCKS = YES;
				GCC_WARN_64_TO_32_BIT_CONVERSION = YES;
				GCC_WARN_ABOUT_RETURN_TYPE = YES_ERROR;
				GCC_WARN_UNDECLARED_SELECTOR = YES;
				GCC_WARN_UNINITIALIZED_AUTOS = YES_AGGRESSIVE;
				GCC_WARN_UNUSED_FUNCTION = YES;
				GCC_WARN_UNUSED_VARIABLE = YES;
				IPHONEOS_DEPLOYMENT_TARGET = 14.4;
				MTL_ENABLE_DEBUG_INFO = NO;
				MTL_FAST_MATH = YES;
				SDKROOT = iphoneos;
				SWIFT_COMPILATION_MODE = wholemodule;
				SWIFT_OPTIMIZATION_LEVEL = "-O";
				VALIDATE_PRODUCT = YES;
			};
			name = Release;
		};
		2721B264263AA802007E751E /* Debug */ = {
			isa = XCBuildConfiguration;
			buildSettings = {
				ASSETCATALOG_COMPILER_APPICON_NAME = AppIcon;
				ASSETCATALOG_COMPILER_GLOBAL_ACCENT_COLOR_NAME = AccentColor;
				CODE_SIGN_STYLE = Automatic;
				DEVELOPMENT_TEAM = Z585P9ZU9R;
				INFOPLIST_FILE = SavingDataPractice/Info.plist;
				LD_RUNPATH_SEARCH_PATHS = (
					"$(inherited)",
					"@executable_path/Frameworks",
				);
				PRODUCT_BUNDLE_IDENTIFIER = vinny.SavingDataPractice;
				PRODUCT_NAME = "$(TARGET_NAME)";
				SWIFT_VERSION = 5.0;
				TARGETED_DEVICE_FAMILY = "1,2";
			};
			name = Debug;
		};
		2721B265263AA802007E751E /* Release */ = {
			isa = XCBuildConfiguration;
			buildSettings = {
				ASSETCATALOG_COMPILER_APPICON_NAME = AppIcon;
				ASSETCATALOG_COMPILER_GLOBAL_ACCENT_COLOR_NAME = AccentColor;
				CODE_SIGN_STYLE = Automatic;
				DEVELOPMENT_TEAM = Z585P9ZU9R;
				INFOPLIST_FILE = SavingDataPractice/Info.plist;
				LD_RUNPATH_SEARCH_PATHS = (
					"$(inherited)",
					"@executable_path/Frameworks",
				);
				PRODUCT_BUNDLE_IDENTIFIER = vinny.SavingDataPractice;
				PRODUCT_NAME = "$(TARGET_NAME)";
				SWIFT_VERSION = 5.0;
				TARGETED_DEVICE_FAMILY = "1,2";
			};
			name = Release;
		};
/* End XCBuildConfiguration section */

/* Begin XCConfigurationList section */
		2721B24A263AA7FD007E751E /* Build configuration list for PBXProject "SavingDataPractice" */ = {
			isa = XCConfigurationList;
			buildConfigurations = (
				2721B261263AA802007E751E /* Debug */,
				2721B262263AA802007E751E /* Release */,
			);
			defaultConfigurationIsVisible = 0;
			defaultConfigurationName = Release;
		};
		2721B263263AA802007E751E /* Build configuration list for PBXNativeTarget "SavingDataPractice" */ = {
			isa = XCConfigurationList;
			buildConfigurations = (
				2721B264263AA802007E751E /* Debug */,
				2721B265263AA802007E751E /* Release */,
			);
			defaultConfigurationIsVisible = 0;
			defaultConfigurationName = Release;
		};
/* End XCConfigurationList section */
	};
	rootObject = 2721B247263AA7FD007E751E /* Project object */;
}
